{
  "name": "MyWebsite",
  "lockfileVersion": 2,
  "requires": true,
  "packages": {
    "": {
      "dependencies": {
        "font-awesome": "^4.7.0"
      },
      "devDependencies": {}
    },
    "node_modules/font-awesome": {
      "version": "4.7.0",
      "license": "(OFL-1.1 AND MIT)",
      "engines": {
        "node": ">=0.10.3"
      }
    }
  },
  "dependencies": {
    "font-awesome": {
      "version": "4.7.0"
    }
  }
}
